
Microsoft Visual Studio Solution File, Format Version 12.00
# Visual Studio Version 16
VisualStudioVersion = 16.0.31005.135
MinimumVisualStudioVersion = 10.0.40219.1
Project("{FAE04EC0-301F-11D3-BF4B-00C04F79EFBC}") = "Object", "Object\Object.csproj", "{771F00D1-6827-4843-9FC4-942F3E641442}"
EndProject
Global
	GlobalSection(SolutionConfigurationPlatforms) = preSolution
		Debug|Any CPU = Debug|Any CPU
		Release|Any CPU = Release|Any CPU
	EndGlobalSection
	GlobalSection(ProjectConfigurationPlatforms) = postSolution
		{771F00D1-6827-4843-9FC4-942F3E641442}.Debug|Any CPU.ActiveCfg = Debug|Any CPU
		{771F00D1-6827-4843-9FC4-942F3E641442}.Debug|Any CPU.Build.0 = Debug|Any CPU
		{771F00D1-6827-4843-9FC4-942F3E641442}.Release|Any CPU.ActiveCfg = Release|Any CPU
		{771F00D1-6827-4843-9FC4-942F3E641442}.Release|Any CPU.Build.0 = Release|Any CPU
	EndGlobalSection
	GlobalSection(SolutionProperties) = preSolution
		HideSolutionNode = FALSE
	EndGlobalSection
	GlobalSection(ExtensibilityGlobals) = postSolution
		SolutionGuid = {FAA227B6-E50C-4646-8B63-0A90836D9856}
	EndGlobalSection
EndGlobal
